// !$*UTF8*$!
{
	archiveVersion = 1;
	classes = {
	};
	objectVersion = 46;
	objects = {

/* Begin PBXBuildFile section */
		16AD1A07190621C8005C5C4E /* Foundation.framework in Frameworks */ = {isa = PBXBuildFile; fileRef = 16AD1A06190621C8005C5C4E /* Foundation.framework */; };
		16AD1A09190621C8005C5C4E /* CoreGraphics.framework in Frameworks */ = {isa = PBXBuildFile; fileRef = 16AD1A08190621C8005C5C4E /* CoreGraphics.framework */; };
		16AD1A0B190621C8005C5C4E /* UIKit.framework in Frameworks */ = {isa = PBXBuildFile; fileRef = 16AD1A0A190621C8005C5C4E /* UIKit.framework */; };
		16AD1A11190621C8005C5C4E /* InfoPlist.strings in Resources */ = {isa = PBXBuildFile; fileRef = 16AD1A0F190621C8005C5C4E /* InfoPlist.strings */; };
		16AD1A13190621C8005C5C4E /* main.m in Sources */ = {isa = PBXBuildFile; fileRef = 16AD1A12190621C8005C5C4E /* main.m */; };
		16AD1A17190621C8005C5C4E /* DPKAppDelegate.m in Sources */ = {isa = PBXBuildFile; fileRef = 16AD1A16190621C8005C5C4E /* DPKAppDelegate.m */; };
		16AD1A1A190621C8005C5C4E /* Main.storyboard in Resources */ = {isa = PBXBuildFile; fileRef = 16AD1A18190621C8005C5C4E /* Main.storyboard */; };
		16AD1A1F190621C8005C5C4E /* Images.xcassets in Resources */ = {isa = PBXBuildFile; fileRef = 16AD1A1E190621C8005C5C4E /* Images.xcassets */; };
		16AD1A26190621C8005C5C4E /* XCTest.framework in Frameworks */ = {isa = PBXBuildFile; fileRef = 16AD1A25190621C8005C5C4E /* XCTest.framework */; };
		16AD1A27190621C8005C5C4E /* Foundation.framework in Frameworks */ = {isa = PBXBuildFile; fileRef = 16AD1A06190621C8005C5C4E /* Foundation.framework */; };
		16AD1A28190621C8005C5C4E /* UIKit.framework in Frameworks */ = {isa = PBXBuildFile; fileRef = 16AD1A0A190621C8005C5C4E /* UIKit.framework */; };
		16AD1A30190621C8005C5C4E /* InfoPlist.strings in Resources */ = {isa = PBXBuildFile; fileRef = 16AD1A2E190621C8005C5C4E /* InfoPlist.strings */; };
		16AD1A32190621C8005C5C4E /* UITableViewController_Challenge_SolutionTests.m in Sources */ = {isa = PBXBuildFile; fileRef = 16AD1A31190621C8005C5C4E /* UITableViewController_Challenge_SolutionTests.m */; };
		16AD1A3D19063239005C5C4E /* DPKTableViewController.m in Sources */ = {isa = PBXBuildFile; fileRef = 16AD1A3C19063239005C5C4E /* DPKTableViewController.m */; };
/* End PBXBuildFile section */

/* Begin PBXContainerItemProxy section */
		16AD1A29190621C8005C5C4E /* PBXContainerItemProxy */ = {
			isa = PBXContainerItemProxy;
			containerPortal = 16AD19FB190621C7005C5C4E /* Project object */;
			proxyType = 1;
			remoteGlobalIDString = 16AD1A02190621C7005C5C4E;
			remoteInfo = "UITableViewController Challenge Solution";
		};
/* End PBXContainerItemProxy section */

/* Begin PBXFileReference section */
		16AD1A03190621C8005C5C4E /* UITableViewController Challenge Solution.app */ = {isa = PBXFileReference; explicitFileType = wrapper.application; includeInIndex = 0; path = "UITableViewController Challenge Solution.app"; sourceTree = BUILT_PRODUCTS_DIR; };
		16AD1A06190621C8005C5C4E /* Foundation.framework */ = {isa = PBXFileReference; lastKnownFileType = wrapper.framework; name = Foundation.framework; path = System/Library/Frameworks/Foundation.framework; sourceTree = SDKROOT; };
		16AD1A08190621C8005C5C4E /* CoreGraphics.framework */ = {isa = PBXFileReference; lastKnownFileType = wrapper.framework; name = CoreGraphics.framework; path = System/Library/Frameworks/CoreGraphics.framework; sourceTree = SDKROOT; };
		16AD1A0A190621C8005C5C4E /* UIKit.framework */ = {isa = PBXFileReference; lastKnownFileType = wrapper.framework; name = UIKit.framework; path = System/Library/Frameworks/UIKit.framework; sourceTree = SDKROOT; };
		16AD1A0E190621C8005C5C4E /* UITableViewController Challenge Solution-Info.plist */ = {isa = PBXFileReference; lastKnownFileType = text.plist.xml; path = "UITableViewController Challenge Solution-Info.plist"; sourceTree = "<group>"; };
		16AD1A10190621C8005C5C4E /* en */ = {isa = PBXFileReference; lastKnownFileType = text.plist.strings; name = en; path = en.lproj/InfoPlist.strings; sourceTree = "<group>"; };
		16AD1A12190621C8005C5C4E /* main.m */ = {isa = PBXFileReference; lastKnownFileType = sourcecode.c.objc; path = main.m; sourceTree = "<group>"; };
		16AD1A14190621C8005C5C4E /* UITableViewController Challenge Solution-Prefix.pch */ = {isa = PBXFileReference; lastKnownFileType = sourcecode.c.h; path = "UITableViewController Challenge Solution-Prefix.pch"; sourceTree = "<group>"; };
		16AD1A15190621C8005C5C4E /* DPKAppDelegate.h */ = {isa = PBXFileReference; lastKnownFileType = sourcecode.c.h; path = DPKAppDelegate.h; sourceTree = "<group>"; };
		16AD1A16190621C8005C5C4E /* DPKAppDelegate.m */ = {isa = PBXFileReference; lastKnownFileType = sourcecode.c.objc; path = DPKAppDelegate.m; sourceTree = "<group>"; };
		16AD1A19190621C8005C5C4E /* Base */ = {isa = PBXFileReference; lastKnownFileType = file.storyboard; name = Base; path = Base.lproj/Main.storyboard; sourceTree = "<group>"; };
		16AD1A1E190621C8005C5C4E /* Images.xcassets */ = {isa = PBXFileReference; lastKnownFileType = folder.assetcatalog; path = Images.xcassets; sourceTree = "<group>"; };
		16AD1A24190621C8005C5C4E /* UITableViewController Challenge SolutionTests.xctest */ = {isa = PBXFileReference; explicitFileType = wrapper.cfbundle; includeInIndex = 0; path = "UITableViewController Challenge SolutionTests.xctest"; sourceTree = BUILT_PRODUCTS_DIR; };
		16AD1A25190621C8005C5C4E /* XCTest.framework */ = {isa = PBXFileReference; lastKnownFileType = wrapper.framework; name = XCTest.framework; path = Library/Frameworks/XCTest.framework; sourceTree = DEVELOPER_DIR; };
		16AD1A2D190621C8005C5C4E /* UITableViewController Challenge SolutionTests-Info.plist */ = {isa = PBXFileReference; lastKnownFileType = text.plist.xml; path = "UITableViewController Challenge SolutionTests-Info.plist"; sourceTree = "<group>"; };
		16AD1A2F190621C8005C5C4E /* en */ = {isa = PBXFileReference; lastKnownFileType = text.plist.strings; name = en; path = en.lproj/InfoPlist.strings; sourceTree = "<group>"; };
		16AD1A31190621C8005C5C4E /* UITableViewController_Challenge_SolutionTests.m */ = {isa = PBXFileReference; lastKnownFileType = sourcecode.c.objc; path = UITableViewController_Challenge_SolutionTests.m; sourceTree = "<group>"; };
		16AD1A3B19063239005C5C4E /* DPKTableViewController.h */ = {isa = PBXFileReference; fileEncoding = 4; lastKnownFileType = sourcecode.c.h; path = DPKTableViewController.h; sourceTree = "<group>"; };
		16AD1A3C19063239005C5C4E /* DPKTableViewController.m */ = {isa = PBXFileReference; fileEncoding = 4; lastKnownFileType = sourcecode.c.objc; path = DPKTableViewController.m; sourceTree = "<group>"; };
/* End PBXFileReference section */

/* Begin PBXFrameworksBuildPhase section */
		16AD1A00190621C7005C5C4E /* Frameworks */ = {
			isa = PBXFrameworksBuildPhase;
			buildActionMask = 2147483647;
			files = (
				16AD1A09190621C8005C5C4E /* CoreGraphics.framework in Frameworks */,
				16AD1A0B190621C8005C5C4E /* UIKit.framework in Frameworks */,
				16AD1A07190621C8005C5C4E /* Foundation.framework in Frameworks */,
			);
			runOnlyForDeploymentPostprocessing = 0;
		};
		16AD1A21190621C8005C5C4E /* Frameworks */ = {
			isa = PBXFrameworksBuildPhase;
			buildActionMask = 2147483647;
			files = (
				16AD1A26190621C8005C5C4E /* XCTest.framework in Frameworks */,
				16AD1A28190621C8005C5C4E /* UIKit.framework in Frameworks */,
				16AD1A27190621C8005C5C4E /* Foundation.framework in Frameworks */,
			);
			runOnlyForDeploymentPostprocessing = 0;
		};
/* End PBXFrameworksBuildPhase section */

/* Begin PBXGroup section */
		16AD19FA190621C7005C5C4E = {
			isa = PBXGroup;
			children = (
				16AD1A0C190621C8005C5C4E /* UITableViewController Challenge Solution */,
				16AD1A2B190621C8005C5C4E /* UITableViewController Challenge SolutionTests */,
				16AD1A05190621C8005C5C4E /* Frameworks */,
				16AD1A04190621C8005C5C4E /* Products */,
			);
			sourceTree = "<group>";
		};
		16AD1A04190621C8005C5C4E /* Products */ = {
			isa = PBXGroup;
			children = (
				16AD1A03190621C8005C5C4E /* UITableViewController Challenge Solution.app */,
				16AD1A24190621C8005C5C4E /* UITableViewController Challenge SolutionTests.xctest */,
			);
			name = Products;
			sourceTree = "<group>";
		};
		16AD1A05190621C8005C5C4E /* Frameworks */ = {
			isa = PBXGroup;
			children = (
				16AD1A06190621C8005C5C4E /* Foundation.framework */,
				16AD1A08190621C8005C5C4E /* CoreGraphics.framework */,
				16AD1A0A190621C8005C5C4E /* UIKit.framework */,
				16AD1A25190621C8005C5C4E /* XCTest.framework */,
			);
			name = Frameworks;
			sourceTree = "<group>";
		};
		16AD1A0C190621C8005C5C4E /* UITableViewController Challenge Solution */ = {
			isa = PBXGroup;
			children = (
				16AD1A15190621C8005C5C4E /* DPKAppDelegate.h */,
				16AD1A16190621C8005C5C4E /* DPKAppDelegate.m */,
				16AD1A18190621C8005C5C4E /* Main.storyboard */,
				16AD1A3B19063239005C5C4E /* DPKTableViewController.h */,
				16AD1A3C19063239005C5C4E /* DPKTableViewController.m */,
				16AD1A1E190621C8005C5C4E /* Images.xcassets */,
				16AD1A0D190621C8005C5C4E /* Supporting Files */,
			);
			path = "UITableViewController Challenge Solution";
			sourceTree = "<group>";
		};
		16AD1A0D190621C8005C5C4E /* Supporting Files */ = {
			isa = PBXGroup;
			children = (
				16AD1A0E190621C8005C5C4E /* UITableViewController Challenge Solution-Info.plist */,
				16AD1A0F190621C8005C5C4E /* InfoPlist.strings */,
				16AD1A12190621C8005C5C4E /* main.m */,
				16AD1A14190621C8005C5C4E /* UITableViewController Challenge Solution-Prefix.pch */,
			);
			name = "Supporting Files";
			sourceTree = "<group>";
		};
		16AD1A2B190621C8005C5C4E /* UITableViewController Challenge SolutionTests */ = {
			isa = PBXGroup;
			children = (
				16AD1A31190621C8005C5C4E /* UITableViewController_Challenge_SolutionTests.m */,
				16AD1A2C190621C8005C5C4E /* Supporting Files */,
			);
			path = "UITableViewController Challenge SolutionTests";
			sourceTree = "<group>";
		};
		16AD1A2C190621C8005C5C4E /* Supporting Files */ = {
			isa = PBXGroup;
			children = (
				16AD1A2D190621C8005C5C4E /* UITableViewController Challenge SolutionTests-Info.plist */,
				16AD1A2E190621C8005C5C4E /* InfoPlist.strings */,
			);
			name = "Supporting Files";
			sourceTree = "<group>";
		};
/* End PBXGroup section */

/* Begin PBXNativeTarget section */
		16AD1A02190621C7005C5C4E /* UITableViewController Challenge Solution */ = {
			isa = PBXNativeTarget;
			buildConfigurationList = 16AD1A35190621C8005C5C4E /* Build configuration list for PBXNativeTarget "UITableViewController Challenge Solution" */;
			buildPhases = (
				16AD19FF190621C7005C5C4E /* Sources */,
				16AD1A00190621C7005C5C4E /* Frameworks */,
				16AD1A01190621C7005C5C4E /* Resources */,
			);
			buildRules = (
			);
			dependencies = (
			);
			name = "UITableViewController Challenge Solution";
			productName = "UITableViewController Challenge Solution";
			productReference = 16AD1A03190621C8005C5C4E /* UITableViewController Challenge Solution.app */;
			productType = "com.apple.product-type.application";
		};
		16AD1A23190621C8005C5C4E /* UITableViewController Challenge SolutionTests */ = {
			isa = PBXNativeTarget;
			buildConfigurationList = 16AD1A38190621C8005C5C4E /* Build configuration list for PBXNativeTarget "UITableViewController Challenge SolutionTests" */;
			buildPhases = (
				16AD1A20190621C8005C5C4E /* Sources */,
				16AD1A21190621C8005C5C4E /* Frameworks */,
				16AD1A22190621C8005C5C4E /* Resources */,
			);
			buildRules = (
			);
			dependencies = (
				16AD1A2A190621C8005C5C4E /* PBXTargetDependency */,
			);
			name = "UITableViewController Challenge SolutionTests";
			productName = "UITableViewController Challenge SolutionTests";
			productReference = 16AD1A24190621C8005C5C4E /* UITableViewController Challenge SolutionTests.xctest */;
			productType = "com.apple.product-type.bundle.unit-test";
		};
/* End PBXNativeTarget section */

/* Begin PBXProject section */
		16AD19FB190621C7005C5C4E /* Project object */ = {
			isa = PBXProject;
			attributes = {
				CLASSPREFIX = DPK;
				LastUpgradeCheck = 0510;
				ORGANIZATIONNAME = "dartfork sound";
				TargetAttributes = {
					16AD1A23190621C8005C5C4E = {
						TestTargetID = 16AD1A02190621C7005C5C4E;
					};
				};
			};
			buildConfigurationList = 16AD19FE190621C7005C5C4E /* Build configuration list for PBXProject "UITableViewController Challenge Solution" */;
			compatibilityVersion = "Xcode 3.2";
			developmentRegion = English;
			hasScannedForEncodings = 0;
			knownRegions = (
				en,
				Base,
			);
			mainGroup = 16AD19FA190621C7005C5C4E;
			productRefGroup = 16AD1A04190621C8005C5C4E /* Products */;
			projectDirPath = "";
			projectRoot = "";
			targets = (
				16AD1A02190621C7005C5C4E /* UITableViewController Challenge Solution */,
				16AD1A23190621C8005C5C4E /* UITableViewController Challenge SolutionTests */,
			);
		};
/* End PBXProject section */

/* Begin PBXResourcesBuildPhase section */
		16AD1A01190621C7005C5C4E /* Resources */ = {
			isa = PBXResourcesBuildPhase;
			buildActionMask = 2147483647;
			files = (
				16AD1A1F190621C8005C5C4E /* Images.xcassets in Resources */,
				16AD1A11190621C8005C5C4E /* InfoPlist.strings in Resources */,
				16AD1A1A190621C8005C5C4E /* Main.storyboard in Resources */,
			);
			runOnlyForDeploymentPostprocessing = 0;
		};
		16AD1A22190621C8005C5C4E /* Resources */ = {
			isa = PBXResourcesBuildPhase;
			buildActionMask = 2147483647;
			files = (
				16AD1A30190621C8005C5C4E /* InfoPlist.strings in Resources */,
			);
			runOnlyForDeploymentPostprocessing = 0;
		};
/* End PBXResourcesBuildPhase section */

/* Begin PBXSourcesBuildPhase section */
		16AD19FF190621C7005C5C4E /* Sources */ = {
			isa = PBXSourcesBuildPhase;
			buildActionMask = 2147483647;
			files = (
				16AD1A3D19063239005C5C4E /* DPKTableViewController.m in Sources */,
				16AD1A17190621C8005C5C4E /* DPKAppDelegate.m in Sources */,
				16AD1A13190621C8005C5C4E /* main.m in Sources */,
			);
			runOnlyForDeploymentPostprocessing = 0;
		};
		16AD1A20190621C8005C5C4E /* Sources */ = {
			isa = PBXSourcesBuildPhase;
			buildActionMask = 2147483647;
			files = (
				16AD1A32190621C8005C5C4E /* UITableViewController_Challenge_SolutionTests.m in Sources */,
			);
			runOnlyForDeploymentPostprocessing = 0;
		};
/* End PBXSourcesBuildPhase section */

/* Begin PBXTargetDependency section */
		16AD1A2A190621C8005C5C4E /* PBXTargetDependency */ = {
			isa = PBXTargetDependency;
			target = 16AD1A02190621C7005C5C4E /* UITableViewController Challenge Solution */;
			targetProxy = 16AD1A29190621C8005C5C4E /* PBXContainerItemProxy */;
		};
/* End PBXTargetDependency section */

/* Begin PBXVariantGroup section */
		16AD1A0F190621C8005C5C4E /* InfoPlist.strings */ = {
			isa = PBXVariantGroup;
			children = (
				16AD1A10190621C8005C5C4E /* en */,
			);
			name = InfoPlist.strings;
			sourceTree = "<group>";
		};
		16AD1A18190621C8005C5C4E /* Main.storyboard */ = {
			isa = PBXVariantGroup;
			children = (
				16AD1A19190621C8005C5C4E /* Base */,
			);
			name = Main.storyboard;
			sourceTree = "<group>";
		};
		16AD1A2E190621C8005C5C4E /* InfoPlist.strings */ = {
			isa = PBXVariantGroup;
			children = (
				16AD1A2F190621C8005C5C4E /* en */,
			);
			name = InfoPlist.strings;
			sourceTree = "<group>";
		};
/* End PBXVariantGroup section */

/* Begin XCBuildConfiguration section */
		16AD1A33190621C8005C5C4E /* Debug */ = {
			isa = XCBuildConfiguration;
			buildSettings = {
				ALWAYS_SEARCH_USER_PATHS = NO;
				CLANG_CXX_LANGUAGE_STANDARD = "gnu++0x";
				CLANG_CXX_LIBRARY = "libc++";
				CLANG_ENABLE_MODULES = YES;
				CLANG_ENABLE_OBJC_ARC = YES;
				CLANG_WARN_BOOL_CONVERSION = YES;
				CLANG_WARN_CONSTANT_CONVERSION = YES;
				CLANG_WARN_DIRECT_OBJC_ISA_USAGE = YES_ERROR;
				CLANG_WARN_EMPTY_BODY = YES;
				CLANG_WARN_ENUM_CONVERSION = YES;
				CLANG_WARN_INT_CONVERSION = YES;
				CLANG_WARN_OBJC_ROOT_CLASS = YES_ERROR;
				CLANG_WARN__DUPLICATE_METHOD_MATCH = YES;
				"CODE_SIGN_IDENTITY[sdk=iphoneos*]" = "iPhone Developer";
				COPY_PHASE_STRIP = NO;
				GCC_C_LANGUAGE_STANDARD = gnu99;
				GCC_DYNAMIC_NO_PIC = NO;
				GCC_OPTIMIZATION_LEVEL = 0;
				GCC_PREPROCESSOR_DEFINITIONS = (
					"DEBUG=1",
					"$(inherited)",
				);
				GCC_SYMBOLS_PRIVATE_EXTERN = NO;
				GCC_WARN_64_TO_32_BIT_CONVERSION = YES;
				GCC_WARN_ABOUT_RETURN_TYPE = YES_ERROR;
				GCC_WARN_UNDECLARED_SELECTOR = YES;
				GCC_WARN_UNINITIALIZED_AUTOS = YES_AGGRESSIVE;
				GCC_WARN_UNUSED_FUNCTION = YES;
				GCC_WARN_UNUSED_VARIABLE = YES;
				IPHONEOS_DEPLOYMENT_TARGET = 7.1;
				ONLY_ACTIVE_ARCH = YES;
				SDKROOT = iphoneos;
			};
			name = Debug;
		};
		16AD1A34190621C8005C5C4E /* Release */ = {
			isa = XCBuildConfiguration;
			buildSettings = {
				ALWAYS_SEARCH_USER_PATHS = NO;
				CLANG_CXX_LANGUAGE_STANDARD = "gnu++0x";
				CLANG_CXX_LIBRARY = "libc++";
				CLANG_ENABLE_MODULES = YES;
				CLANG_ENABLE_OBJC_ARC = YES;
				CLANG_WARN_BOOL_CONVERSION = YES;
				CLANG_WARN_CONSTANT_CONVERSION = YES;
				CLANG_WARN_DIRECT_OBJC_ISA_USAGE = YES_ERROR;
				CLANG_WARN_EMPTY_BODY = YES;
				CLANG_WARN_ENUM_CONVERSION = YES;
				CLANG_WARN_INT_CONVERSION = YES;
				CLANG_WARN_OBJC_ROOT_CLASS = YES_ERROR;
				CLANG_WARN__DUPLICATE_METHOD_MATCH = YES;
				"CODE_SIGN_IDENTITY[sdk=iphoneos*]" = "iPhone Developer";
				COPY_PHASE_STRIP = YES;
				ENABLE_NS_ASSERTIONS = NO;
				GCC_C_LANGUAGE_STANDARD = gnu99;
				GCC_WARN_64_TO_32_BIT_CONVERSION = YES;
				GCC_WARN_ABOUT_RETURN_TYPE = YES_ERROR;
				GCC_WARN_UNDECLARED_SELECTOR = YES;
				GCC_WARN_UNINITIALIZED_AUTOS = YES_AGGRESSIVE;
				GCC_WARN_UNUSED_FUNCTION = YES;
				GCC_WARN_UNUSED_VARIABLE = YES;
				IPHONEOS_DEPLOYMENT_TARGET = 7.1;
				SDKROOT = iphoneos;
				VALIDATE_PRODUCT = YES;
			};
			name = Release;
		};
		16AD1A36190621C8005C5C4E /* Debug */ = {
			isa = XCBuildConfiguration;
			buildSettings = {
				ASSETCATALOG_COMPILER_APPICON_NAME = AppIcon;
				ASSETCATALOG_COMPILER_LAUNCHIMAGE_NAME = LaunchImage;
				GCC_PRECOMPILE_PREFIX_HEADER = YES;
				GCC_PREFIX_HEADER = "UITableViewController Challenge Solution/UITableViewController Challenge Solution-Prefix.pch";
				INFOPLIST_FILE = "UITableViewController Challenge Solution/UITableViewController Challenge Solution-Info.plist";
				PRODUCT_NAME = "$(TARGET_NAME)";
				WRAPPER_EXTENSION = app;
			};
			name = Debug;
		};
		16AD1A37190621C8005C5C4E /* Release */ = {
			isa = XCBuildConfiguration;
			buildSettings = {
				ASSETCATALOG_COMPILER_APPICON_NAME = AppIcon;
				ASSETCATALOG_COMPILER_LAUNCHIMAGE_NAME = LaunchImage;
				GCC_PRECOMPILE_PREFIX_HEADER = YES;
				GCC_PREFIX_HEADER = "UITableViewController Challenge Solution/UITableViewController Challenge Solution-Prefix.pch";
				INFOPLIST_FILE = "UITableViewController Challenge Solution/UITableViewController Challenge Solution-Info.plist";
				PRODUCT_NAME = "$(TARGET_NAME)";
				WRAPPER_EXTENSION = app;
			};
			name = Release;
		};
		16AD1A39190621C8005C5C4E /* Debug */ = {
			isa = XCBuildConfiguration;
			buildSettings = {
				BUNDLE_LOADER = "$(BUILT_PRODUCTS_DIR)/UITableViewController Challenge Solution.app/UITableViewController Challenge Solution";
				FRAMEWORK_SEARCH_PATHS = (
					"$(SDKROOT)/Developer/Library/Frameworks",
					"$(inherited)",
					"$(DEVELOPER_FRAMEWORKS_DIR)",
				);
				GCC_PRECOMPILE_PREFIX_HEADER = YES;
				GCC_PREFIX_HEADER = "UITableViewController Challenge Solution/UITableViewController Challenge Solution-Prefix.pch";
				GCC_PREPROCESSOR_DEFINITIONS = (
					"DEBUG=1",
					"$(inherited)",
				);
				INFOPLIST_FILE = "UITableViewController Challenge SolutionTests/UITableViewController Challenge SolutionTests-Info.plist";
				PRODUCT_NAME = "$(TARGET_NAME)";
				TEST_HOST = "$(BUNDLE_LOADER)";
				WRAPPER_EXTENSION = xctest;
			};
			name = Debug;
		};
		16AD1A3A190621C8005C5C4E /* Release */ = {
			isa = XCBuildConfiguration;
			buildSettings = {
				BUNDLE_LOADER = "$(BUILT_PRODUCTS_DIR)/UITableViewController Challenge Solution.app/UITableViewController Challenge Solution";
				FRAMEWORK_SEARCH_PATHS = (
					"$(SDKROOT)/Developer/Library/Frameworks",
					"$(inherited)",
					"$(DEVELOPER_FRAMEWORKS_DIR)",
				);
				GCC_PRECOMPILE_PREFIX_HEADER = YES;
				GCC_PREFIX_HEADER = "UITableViewController Challenge Solution/UITableViewController Challenge Solution-Prefix.pch";
				INFOPLIST_FILE = "UITableViewController Challenge SolutionTests/UITableViewController Challenge SolutionTests-Info.plist";
				PRODUCT_NAME = "$(TARGET_NAME)";
				TEST_HOST = "$(BUNDLE_LOADER)";
				WRAPPER_EXTENSION = xctest;
			};
			name = Release;
		};
/* End XCBuildConfiguration section */

/* Begin XCConfigurationList section */
		16AD19FE190621C7005C5C4E /* Build configuration list for PBXProject "UITableViewController Challenge Solution" */ = {
			isa = XCConfigurationList;
			buildConfigurations = (
				16AD1A33190621C8005C5C4E /* Debug */,
				16AD1A34190621C8005C5C4E /* Release */,
			);
			defaultConfigurationIsVisible = 0;
			defaultConfigurationName = Release;
		};
		16AD1A35190621C8005C5C4E /* Build configuration list for PBXNativeTarget "UITableViewController Challenge Solution" */ = {
			isa = XCConfigurationList;
			buildConfigurations = (
				16AD1A36190621C8005C5C4E /* Debug */,
				16AD1A37190621C8005C5C4E /* Release */,
			);
			defaultConfigurationIsVisible = 0;
			defaultConfigurationName = Release;
		};
		16AD1A38190621C8005C5C4E /* Build configuration list for PBXNativeTarget "UITableViewController Challenge SolutionTests" */ = {
			isa = XCConfigurationList;
			buildConfigurations = (
				16AD1A39190621C8005C5C4E /* Debug */,
				16AD1A3A190621C8005C5C4E /* Release */,
			);
			defaultConfigurationIsVisible = 0;
			defaultConfigurationName = Release;
		};
/* End XCConfigurationList section */
	};
	rootObject = 16AD19FB190621C7005C5C4E /* Project object */;
}
